
Microsoft Visual Studio Solution File, Format Version 12.00
# Visual Studio 15
VisualStudioVersion = 15.0.28010.2026
MinimumVisualStudioVersion = 10.0.40219.1
Project("{8BC9CEB8-8B4A-11D0-8D11-00A0C91BC942}") = "DVCS Exercise", "DVCS Exercise\DVCS Exercise.vcxproj", "{EEDAED67-1137-44D2-BE36-148EC881C969}"
EndProject
Project("{F184B08F-C81C-45F6-A57F-5ABD9991F28F}") = "DVCS_Website", "DVCS_Website\DVCS_Website.vbproj", "{CD8E53D2-B177-494B-AE08-1CEEF98E43D7}"
EndProject
Project("{FAE04EC0-301F-11D3-BF4B-00C04F79EFBC}") = "WebApp", "WebApp\WebApp.csproj", "{266542E7-6410-4D3E-B80B-822F6B172D80}"
EndProject
Global
	GlobalSection(SolutionConfigurationPlatforms) = preSolution
		Debug|Any CPU = Debug|Any CPU
		Debug|x64 = Debug|x64
		Debug|x86 = Debug|x86
		Release|Any CPU = Release|Any CPU
		Release|x64 = Release|x64
		Release|x86 = Release|x86
	EndGlobalSection
	GlobalSection(ProjectConfigurationPlatforms) = postSolution
		{EEDAED67-1137-44D2-BE36-148EC881C969}.Debug|Any CPU.ActiveCfg = Debug|Win32
		{EEDAED67-1137-44D2-BE36-148EC881C969}.Debug|x64.ActiveCfg = Debug|x64
		{EEDAED67-1137-44D2-BE36-148EC881C969}.Debug|x64.Build.0 = Debug|x64
		{EEDAED67-1137-44D2-BE36-148EC881C969}.Debug|x86.ActiveCfg = Debug|Win32
		{EEDAED67-1137-44D2-BE36-148EC881C969}.Debug|x86.Build.0 = Debug|Win32
		{EEDAED67-1137-44D2-BE36-148EC881C969}.Release|Any CPU.ActiveCfg = Release|Win32
		{EEDAED67-1137-44D2-BE36-148EC881C969}.Release|x64.ActiveCfg = Release|x64
		{EEDAED67-1137-44D2-BE36-148EC881C969}.Release|x64.Build.0 = Release|x64
		{EEDAED67-1137-44D2-BE36-148EC881C969}.Release|x86.ActiveCfg = Release|Win32
		{EEDAED67-1137-44D2-BE36-148EC881C969}.Release|x86.Build.0 = Release|Win32
		{CD8E53D2-B177-494B-AE08-1CEEF98E43D7}.Debug|Any CPU.ActiveCfg = Debug|Any CPU
		{CD8E53D2-B177-494B-AE08-1CEEF98E43D7}.Debug|Any CPU.Build.0 = Debug|Any CPU
		{CD8E53D2-B177-494B-AE08-1CEEF98E43D7}.Debug|x64.ActiveCfg = Debug|Any CPU
		{CD8E53D2-B177-494B-AE08-1CEEF98E43D7}.Debug|x64.Build.0 = Debug|Any CPU
		{CD8E53D2-B177-494B-AE08-1CEEF98E43D7}.Debug|x86.ActiveCfg = Debug|Any CPU
		{CD8E53D2-B177-494B-AE08-1CEEF98E43D7}.Debug|x86.Build.0 = Debug|Any CPU
		{CD8E53D2-B177-494B-AE08-1CEEF98E43D7}.Release|Any CPU.ActiveCfg = Release|Any CPU
		{CD8E53D2-B177-494B-AE08-1CEEF98E43D7}.Release|Any CPU.Build.0 = Release|Any CPU
		{CD8E53D2-B177-494B-AE08-1CEEF98E43D7}.Release|x64.ActiveCfg = Release|Any CPU
		{CD8E53D2-B177-494B-AE08-1CEEF98E43D7}.Release|x64.Build.0 = Release|Any CPU
		{CD8E53D2-B177-494B-AE08-1CEEF98E43D7}.Release|x86.ActiveCfg = Release|Any CPU
		{CD8E53D2-B177-494B-AE08-1CEEF98E43D7}.Release|x86.Build.0 = Release|Any CPU
		{266542E7-6410-4D3E-B80B-822F6B172D80}.Debug|Any CPU.ActiveCfg = Debug|Any CPU
		{266542E7-6410-4D3E-B80B-822F6B172D80}.Debug|Any CPU.Build.0 = Debug|Any CPU
		{266542E7-6410-4D3E-B80B-822F6B172D80}.Debug|x64.ActiveCfg = Debug|Any CPU
		{266542E7-6410-4D3E-B80B-822F6B172D80}.Debug|x64.Build.0 = Debug|Any CPU
		{266542E7-6410-4D3E-B80B-822F6B172D80}.Debug|x86.ActiveCfg = Debug|Any CPU
		{266542E7-6410-4D3E-B80B-822F6B172D80}.Debug|x86.Build.0 = Debug|Any CPU
		{266542E7-6410-4D3E-B80B-822F6B172D80}.Release|Any CPU.ActiveCfg = Release|Any CPU
		{266542E7-6410-4D3E-B80B-822F6B172D80}.Release|Any CPU.Build.0 = Release|Any CPU
		{266542E7-6410-4D3E-B80B-822F6B172D80}.Release|x64.ActiveCfg = Release|Any CPU
		{266542E7-6410-4D3E-B80B-822F6B172D80}.Release|x64.Build.0 = Release|Any CPU
		{266542E7-6410-4D3E-B80B-822F6B172D80}.Release|x86.ActiveCfg = Release|Any CPU
		{266542E7-6410-4D3E-B80B-822F6B172D80}.Release|x86.Build.0 = Release|Any CPU
	EndGlobalSection
	GlobalSection(SolutionProperties) = preSolution
		HideSolutionNode = FALSE
	EndGlobalSection
	GlobalSection(ExtensibilityGlobals) = postSolution
		SolutionGuid = {6A299A9B-BE4B-4273-B6D8-F012102AEF78}
	EndGlobalSection
EndGlobal
